
Microsoft Visual Studio Solution File, Format Version 12.00
# Visual Studio Version 17
VisualStudioVersion = 17.14.36301.6 d17.14
MinimumVisualStudioVersion = 10.0.40219.1
Project("{FAE04EC0-301F-11D3-BF4B-00C04F79EFBC}") = "StorageOptions", "StorageOptions\StorageOptions.csproj", "{B0F029C0-4EF5-4322-8638-9509886C48AB}"
EndProject
Project("{FAE04EC0-301F-11D3-BF4B-00C04F79EFBC}") = "CakeBuild", "ZZCakeBuild\CakeBuild.csproj", "{37EAB044-4AAB-4A2D-B0E5-CF8D8E02D621}"
EndProject
Global
	GlobalSection(SolutionConfigurationPlatforms) = preSolution
		Debug|Any CPU = Debug|Any CPU
		Release|Any CPU = Release|Any CPU
	EndGlobalSection
	GlobalSection(ProjectConfigurationPlatforms) = postSolution
		{B0F029C0-4EF5-4322-8638-9509886C48AB}.Debug|Any CPU.ActiveCfg = Debug|Any CPU
		{B0F029C0-4EF5-4322-8638-9509886C48AB}.Debug|Any CPU.Build.0 = Debug|Any CPU
		{B0F029C0-4EF5-4322-8638-9509886C48AB}.Release|Any CPU.ActiveCfg = Release|Any CPU
		{B0F029C0-4EF5-4322-8638-9509886C48AB}.Release|Any CPU.Build.0 = Release|Any CPU
		{37EAB044-4AAB-4A2D-B0E5-CF8D8E02D621}.Debug|Any CPU.ActiveCfg = Debug|Any CPU
		{37EAB044-4AAB-4A2D-B0E5-CF8D8E02D621}.Debug|Any CPU.Build.0 = Debug|Any CPU
		{37EAB044-4AAB-4A2D-B0E5-CF8D8E02D621}.Release|Any CPU.ActiveCfg = Release|Any CPU
		{37EAB044-4AAB-4A2D-B0E5-CF8D8E02D621}.Release|Any CPU.Build.0 = Release|Any CPU
	EndGlobalSection
	GlobalSection(SolutionProperties) = preSolution
		HideSolutionNode = FALSE
	EndGlobalSection
	GlobalSection(ExtensibilityGlobals) = postSolution
		SolutionGuid = {5BAC7E64-B73B-4655-824B-EE88F9C3E62F}
	EndGlobalSection
EndGlobal
